{
  "name": "juicebox-cli",
  "version": "0.0.1",
  "lockfileVersion": 1,
  "requires": true,
  "dependencies": {
    "abbrev": {
      "version": "1.1.1",
      "resolved": "https://registry.npmjs.org/abbrev/-/abbrev-1.1.1.tgz",
      "integrity": "sha512-nne9/IiQ/hzIhY6pdDnbBtz7DjPTKrY00P/zvPSm5pOFkl6xuGrGnXn/VtTNNfNtAfZ9/1RtehkszU9qcTii0Q=="
    },
    "clorox": {
      "version": "1.0.3",
      "resolved": "https://registry.npmjs.org/clorox/-/clorox-1.0.3.tgz",
      "integrity": "sha512-w3gKAUKMJYmmaJyc+p+iDrDtLvsFasrx/y6/zWo2U1TZfsz3y4Vl4T9PHCZrOwk1eMTOSRI6xHdpDR4PhTdy8Q=="
    },
    "commander": {
      "version": "2.15.0",
      "resolved": "https://registry.npmjs.org/commander/-/commander-2.15.0.tgz",
      "integrity": "sha512-7B1ilBwtYSbetCgTY1NJFg+gVpestg0fdA1MhC1Vs4ssyfSXnCAjFr+QcQM9/RedXC0EaUx1sG8Smgw2VfgKEg=="
    },
    "hogan": {
      "version": "1.0.2",
      "resolved": "https://registry.npmjs.org/hogan/-/hogan-1.0.2.tgz",
      "integrity": "sha1-2NXlf64Od4ez4B4UJW+dWIoj0fA=",
      "requires": {
        "hogan.js": "3.0.2"
      }
    },
    "hogan.js": {
      "version": "3.0.2",
      "resolved": "https://registry.npmjs.org/hogan.js/-/hogan.js-3.0.2.tgz",
      "integrity": "sha1-TNnhq9QpQUbnZ55B14mHMrAse/0=",
      "requires": {
        "mkdirp": "0.3.0",
        "nopt": "1.0.10"
      },
      "dependencies": {
        "mkdirp": {
          "version": "0.3.0",
          "resolved": "https://registry.npmjs.org/mkdirp/-/mkdirp-0.3.0.tgz",
          "integrity": "sha1-G79asbqCevI1dRQ0kEJkVfSB/h4="
        }
      }
    },
    "minimist": {
      "version": "0.0.8",
      "resolved": "https://registry.npmjs.org/minimist/-/minimist-0.0.8.tgz",
      "integrity": "sha1-hX/Kv8M5fSYluCKCYuhqp6ARsF0="
    },
    "mkdirp": {
      "version": "0.5.1",
      "resolved": "https://registry.npmjs.org/mkdirp/-/mkdirp-0.5.1.tgz",
      "integrity": "sha1-MAV0OOrGz3+MR2fzhkjWaX11yQM=",
      "requires": {
        "minimist": "0.0.8"
      }
    },
    "nopt": {
      "version": "1.0.10",
      "resolved": "https://registry.npmjs.org/nopt/-/nopt-1.0.10.tgz",
      "integrity": "sha1-bd0hvSoxQXuScn3Vhfim83YI6+4=",
      "requires": {
        "abbrev": "1.1.1"
      }
    },
    "prompts": {
      "version": "0.1.8",
      "resolved": "https://registry.npmjs.org/prompts/-/prompts-0.1.8.tgz",
      "integrity": "sha512-IAV6uUb0fj4BgGyuWbjx0qZuJuUiIUhpzPq6yZyyEVmY9SHMkA+qIR7PVY2zl2nOJNVjqO8UfYgwUILU39vtQQ==",
      "requires": {
        "clorox": "1.0.3",
        "sisteransi": "0.1.0"
      }
    },
    "sisteransi": {
      "version": "0.1.0",
      "resolved": "https://registry.npmjs.org/sisteransi/-/sisteransi-0.1.0.tgz",
      "integrity": "sha512-kHXcIr0Z9FM6d7pwFDDIMQKGndIEtIF1oBSMXWtItpx4mrH1jhANVNT35GVekBekXl6J+5i7lJMIGq3Gm7pIdA=="
    }
  }
}
